
Microsoft Visual Studio Solution File, Format Version 12.00
# Visual Studio 15
VisualStudioVersion = 15.0.27428.2005
MinimumVisualStudioVersion = 10.0.40219.1
Project("{FAE04EC0-301F-11D3-BF4B-00C04F79EFBC}") = "Conjunto_exercicio", "Conjunto_exercicio\Conjunto_exercicio.csproj", "{CAF2E4FC-F699-45B3-9EAD-D95586CDF71C}"
EndProject
Global
	GlobalSection(SolutionConfigurationPlatforms) = preSolution
		Debug|Any CPU = Debug|Any CPU
		Release|Any CPU = Release|Any CPU
	EndGlobalSection
	GlobalSection(ProjectConfigurationPlatforms) = postSolution
		{CAF2E4FC-F699-45B3-9EAD-D95586CDF71C}.Debug|Any CPU.ActiveCfg = Debug|Any CPU
		{CAF2E4FC-F699-45B3-9EAD-D95586CDF71C}.Debug|Any CPU.Build.0 = Debug|Any CPU
		{CAF2E4FC-F699-45B3-9EAD-D95586CDF71C}.Release|Any CPU.ActiveCfg = Release|Any CPU
		{CAF2E4FC-F699-45B3-9EAD-D95586CDF71C}.Release|Any CPU.Build.0 = Release|Any CPU
	EndGlobalSection
	GlobalSection(SolutionProperties) = preSolution
		HideSolutionNode = FALSE
	EndGlobalSection
	GlobalSection(ExtensibilityGlobals) = postSolution
		SolutionGuid = {DCF1B462-C49E-4FBE-ACAF-05F1E3057E98}
	EndGlobalSection
EndGlobal
