
Microsoft Visual Studio Solution File, Format Version 12.00
# Visual Studio 15
VisualStudioVersion = 15.0.27428.2005
MinimumVisualStudioVersion = 10.0.40219.1
Project("{FAE04EC0-301F-11D3-BF4B-00C04F79EFBC}") = "Listas", "Listas\Listas.csproj", "{009B4F64-6D7B-43B9-8A75-DA9835589A44}"
EndProject
Global
	GlobalSection(SolutionConfigurationPlatforms) = preSolution
		Debug|Any CPU = Debug|Any CPU
		Release|Any CPU = Release|Any CPU
	EndGlobalSection
	GlobalSection(ProjectConfigurationPlatforms) = postSolution
		{009B4F64-6D7B-43B9-8A75-DA9835589A44}.Debug|Any CPU.ActiveCfg = Debug|Any CPU
		{009B4F64-6D7B-43B9-8A75-DA9835589A44}.Debug|Any CPU.Build.0 = Debug|Any CPU
		{009B4F64-6D7B-43B9-8A75-DA9835589A44}.Release|Any CPU.ActiveCfg = Release|Any CPU
		{009B4F64-6D7B-43B9-8A75-DA9835589A44}.Release|Any CPU.Build.0 = Release|Any CPU
	EndGlobalSection
	GlobalSection(SolutionProperties) = preSolution
		HideSolutionNode = FALSE
	EndGlobalSection
	GlobalSection(ExtensibilityGlobals) = postSolution
		SolutionGuid = {F5741832-2B9C-4A07-B9D8-EFFB9CAF579D}
	EndGlobalSection
EndGlobal
